
Microsoft Visual Studio Solution File, Format Version 12.00
# Visual Studio Express 2012 for Windows Desktop
Project("{FAE04EC0-301F-11D3-BF4B-00C04F79EFBC}") = "ClipoffKernel", "ClipoffKernel\ClipoffKernel.csproj", "{508E019C-AB2A-487A-B8AC-DCDFE107ACBA}"
EndProject
Project("{FAE04EC0-301F-11D3-BF4B-00C04F79EFBC}") = "Clipoff", "Clipoff\Clipoff.csproj", "{A891771A-DFB8-4921-AFCD-C31218FAFC47}"
	ProjectSection(ProjectDependencies) = postProject
		{508E019C-AB2A-487A-B8AC-DCDFE107ACBA} = {508E019C-AB2A-487A-B8AC-DCDFE107ACBA}
	EndProjectSection
EndProject
Global
	GlobalSection(SolutionConfigurationPlatforms) = preSolution
		Debug|Any CPU = Debug|Any CPU
		Release|Any CPU = Release|Any CPU
	EndGlobalSection
	GlobalSection(ProjectConfigurationPlatforms) = postSolution
		{508E019C-AB2A-487A-B8AC-DCDFE107ACBA}.Debug|Any CPU.ActiveCfg = Debug|Any CPU
		{508E019C-AB2A-487A-B8AC-DCDFE107ACBA}.Debug|Any CPU.Build.0 = Debug|Any CPU
		{508E019C-AB2A-487A-B8AC-DCDFE107ACBA}.Release|Any CPU.ActiveCfg = Release|Any CPU
		{508E019C-AB2A-487A-B8AC-DCDFE107ACBA}.Release|Any CPU.Build.0 = Release|Any CPU
		{A891771A-DFB8-4921-AFCD-C31218FAFC47}.Debug|Any CPU.ActiveCfg = Debug|Any CPU
		{A891771A-DFB8-4921-AFCD-C31218FAFC47}.Debug|Any CPU.Build.0 = Debug|Any CPU
		{A891771A-DFB8-4921-AFCD-C31218FAFC47}.Release|Any CPU.ActiveCfg = Release|Any CPU
		{A891771A-DFB8-4921-AFCD-C31218FAFC47}.Release|Any CPU.Build.0 = Release|Any CPU
	EndGlobalSection
	GlobalSection(SolutionProperties) = preSolution
		HideSolutionNode = FALSE
	EndGlobalSection
EndGlobal
